
Microsoft Visual Studio Solution File, Format Version 12.00
# Visual Studio Version 16
VisualStudioVersion = 16.0.30804.86
MinimumVisualStudioVersion = 10.0.40219.1
Project("{FAE04EC0-301F-11D3-BF4B-00C04F79EFBC}") = "IdentityServer4Demo", "src\Services\IdentityServer4Demo\IdentityServer4Demo.csproj", "{E391FA6D-2786-43B7-8F38-8598FEFD1678}"
EndProject
Project("{FAE04EC0-301F-11D3-BF4B-00C04F79EFBC}") = "TestServer.Api", "src\Services\TestServer.Api\TestServer.Api.csproj", "{81B5CCAE-C0B1-4B0A-9612-15C05929E5D2}"
EndProject
Project("{FAE04EC0-301F-11D3-BF4B-00C04F79EFBC}") = "ConsoleApp", "src\Clients\ConsoleApp\ConsoleApp.csproj", "{28E21B88-F53B-4E04-8D59-1A54ED1F70A5}"
EndProject
Project("{FAE04EC0-301F-11D3-BF4B-00C04F79EFBC}") = "Api1Resourse", "src\Apis\Api1Resourse\Api1Resourse.csproj", "{17BD9917-F9AE-4E36-B161-1E2940CE9900}"
EndProject
Global
	GlobalSection(SolutionConfigurationPlatforms) = preSolution
		Debug|Any CPU = Debug|Any CPU
		Release|Any CPU = Release|Any CPU
	EndGlobalSection
	GlobalSection(ProjectConfigurationPlatforms) = postSolution
		{E391FA6D-2786-43B7-8F38-8598FEFD1678}.Debug|Any CPU.ActiveCfg = Debug|Any CPU
		{E391FA6D-2786-43B7-8F38-8598FEFD1678}.Debug|Any CPU.Build.0 = Debug|Any CPU
		{E391FA6D-2786-43B7-8F38-8598FEFD1678}.Release|Any CPU.ActiveCfg = Release|Any CPU
		{E391FA6D-2786-43B7-8F38-8598FEFD1678}.Release|Any CPU.Build.0 = Release|Any CPU
		{81B5CCAE-C0B1-4B0A-9612-15C05929E5D2}.Debug|Any CPU.ActiveCfg = Debug|Any CPU
		{81B5CCAE-C0B1-4B0A-9612-15C05929E5D2}.Debug|Any CPU.Build.0 = Debug|Any CPU
		{81B5CCAE-C0B1-4B0A-9612-15C05929E5D2}.Release|Any CPU.ActiveCfg = Release|Any CPU
		{81B5CCAE-C0B1-4B0A-9612-15C05929E5D2}.Release|Any CPU.Build.0 = Release|Any CPU
		{28E21B88-F53B-4E04-8D59-1A54ED1F70A5}.Debug|Any CPU.ActiveCfg = Debug|Any CPU
		{28E21B88-F53B-4E04-8D59-1A54ED1F70A5}.Debug|Any CPU.Build.0 = Debug|Any CPU
		{28E21B88-F53B-4E04-8D59-1A54ED1F70A5}.Release|Any CPU.ActiveCfg = Release|Any CPU
		{28E21B88-F53B-4E04-8D59-1A54ED1F70A5}.Release|Any CPU.Build.0 = Release|Any CPU
		{17BD9917-F9AE-4E36-B161-1E2940CE9900}.Debug|Any CPU.ActiveCfg = Debug|Any CPU
		{17BD9917-F9AE-4E36-B161-1E2940CE9900}.Debug|Any CPU.Build.0 = Debug|Any CPU
		{17BD9917-F9AE-4E36-B161-1E2940CE9900}.Release|Any CPU.ActiveCfg = Release|Any CPU
		{17BD9917-F9AE-4E36-B161-1E2940CE9900}.Release|Any CPU.Build.0 = Release|Any CPU
	EndGlobalSection
	GlobalSection(SolutionProperties) = preSolution
		HideSolutionNode = FALSE
	EndGlobalSection
	GlobalSection(ExtensibilityGlobals) = postSolution
		SolutionGuid = {530A817E-AA27-4C1C-BA7A-31FC0E3BEBB0}
	EndGlobalSection
EndGlobal
